// !$*UTF8*$!
{
	archiveVersion = 1;
	classes = {
	};
	objectVersion = 46;
	objects = {

/* Begin PBXBuildFile section */
		257D58251FB9F05C0046A33B /* PhotoStarViewController.m in Sources */ = {isa = PBXBuildFile; fileRef = 257D58241FB9F05C0046A33B /* PhotoStarViewController.m */; };
		607FACD61AFB9204008FA782 /* AppDelegate.swift in Sources */ = {isa = PBXBuildFile; fileRef = 607FACD51AFB9204008FA782 /* AppDelegate.swift */; };
		607FACDB1AFB9204008FA782 /* Main.storyboard in Resources */ = {isa = PBXBuildFile; fileRef = 607FACD91AFB9204008FA782 /* Main.storyboard */; };
		607FACDD1AFB9204008FA782 /* Images.xcassets in Resources */ = {isa = PBXBuildFile; fileRef = 607FACDC1AFB9204008FA782 /* Images.xcassets */; };
		607FACE01AFB9204008FA782 /* LaunchScreen.xib in Resources */ = {isa = PBXBuildFile; fileRef = 607FACDE1AFB9204008FA782 /* LaunchScreen.xib */; };
		6565377C28E24A5E590FBC54 /* Pods_Pellicola_Example.framework in Frameworks */ = {isa = PBXBuildFile; fileRef = AB1142B580B5DD8D92B9D98D /* Pods_Pellicola_Example.framework */; };
		9C0F7B6C00AFFF74D2D2A3F1 /* Pods_Pellicola_Tests.framework in Frameworks */ = {isa = PBXBuildFile; fileRef = DFA48CD47B44D11DD0256FF6 /* Pods_Pellicola_Tests.framework */; };
		CE11DD10201A2AE100A29992 /* ImageCell.m in Sources */ = {isa = PBXBuildFile; fileRef = CE11DD0F201A2AE100A29992 /* ImageCell.m */; };
		CE33BCC620120BE2002EC65E /* DataStorageTests.swift in Sources */ = {isa = PBXBuildFile; fileRef = CE33BCC520120BE2002EC65E /* DataStorageTests.swift */; };
		CE33BCCE20120D3B002EC65E /* OrderedImageTests.swift in Sources */ = {isa = PBXBuildFile; fileRef = CE33BCCD20120D3B002EC65E /* OrderedImageTests.swift */; };
		CE33BCD020120D72002EC65E /* UIImage+Color.swift in Sources */ = {isa = PBXBuildFile; fileRef = CE33BCCF20120D72002EC65E /* UIImage+Color.swift */; };
		CE33BCD620121080002EC65E /* AssetCollectionsViewModelTests.swift in Sources */ = {isa = PBXBuildFile; fileRef = CE33BCD520121080002EC65E /* AssetCollectionsViewModelTests.swift */; };
		CEDAA8D32023601D004A5940 /* PhotoStarStyle.m in Sources */ = {isa = PBXBuildFile; fileRef = CEDAA8D22023601D004A5940 /* PhotoStarStyle.m */; };
		CEDAA8D520236418004A5940 /* ShonenPunk-Regular.ttf in Resources */ = {isa = PBXBuildFile; fileRef = CEDAA8D420236418004A5940 /* ShonenPunk-Regular.ttf */; };
		CEDAA8D720236426004A5940 /* ShonenPunk-Bold.ttf in Resources */ = {isa = PBXBuildFile; fileRef = CEDAA8D620236426004A5940 /* ShonenPunk-Bold.ttf */; };
/* End PBXBuildFile section */

/* Begin PBXContainerItemProxy section */
		CE33BCC820120BE2002EC65E /* PBXContainerItemProxy */ = {
			isa = PBXContainerItemProxy;
			containerPortal = 607FACC81AFB9204008FA782 /* Project object */;
			proxyType = 1;
			remoteGlobalIDString = 607FACCF1AFB9204008FA782;
			remoteInfo = Pellicola_Example;
		};
/* End PBXContainerItemProxy section */

/* Begin PBXFileReference section */
		1CB7C215286B95224939B4E8 /* Pods-Pellicola_Tests.debug.xcconfig */ = {isa = PBXFileReference; includeInIndex = 1; lastKnownFileType = text.xcconfig; name = "Pods-Pellicola_Tests.debug.xcconfig"; path = "Pods/Target Support Files/Pods-Pellicola_Tests/Pods-Pellicola_Tests.debug.xcconfig"; sourceTree = "<group>"; };
		257D58221FB9F05C0046A33B /* Pellicola_Example-Bridging-Header.h */ = {isa = PBXFileReference; lastKnownFileType = sourcecode.c.h; path = "Pellicola_Example-Bridging-Header.h"; sourceTree = "<group>"; };
		257D58231FB9F05C0046A33B /* PhotoStarViewController.h */ = {isa = PBXFileReference; lastKnownFileType = sourcecode.c.h; path = PhotoStarViewController.h; sourceTree = "<group>"; };
		257D58241FB9F05C0046A33B /* PhotoStarViewController.m */ = {isa = PBXFileReference; lastKnownFileType = sourcecode.c.objc; path = PhotoStarViewController.m; sourceTree = "<group>"; };
		2DD402A6077C72640241B367 /* Pellicola.podspec */ = {isa = PBXFileReference; includeInIndex = 1; lastKnownFileType = text; name = Pellicola.podspec; path = ../Pellicola.podspec; sourceTree = "<group>"; };
		334F17206746259F6BED01E7 /* README.md */ = {isa = PBXFileReference; includeInIndex = 1; lastKnownFileType = net.daringfireball.markdown; name = README.md; path = ../README.md; sourceTree = "<group>"; };
		5167D7D47B06A769550A0655 /* Pods-Pellicola_Tests.release.xcconfig */ = {isa = PBXFileReference; includeInIndex = 1; lastKnownFileType = text.xcconfig; name = "Pods-Pellicola_Tests.release.xcconfig"; path = "Pods/Target Support Files/Pods-Pellicola_Tests/Pods-Pellicola_Tests.release.xcconfig"; sourceTree = "<group>"; };
		607FACD01AFB9204008FA782 /* Pellicola_Example.app */ = {isa = PBXFileReference; explicitFileType = wrapper.application; includeInIndex = 0; path = Pellicola_Example.app; sourceTree = BUILT_PRODUCTS_DIR; };
		607FACD41AFB9204008FA782 /* Info.plist */ = {isa = PBXFileReference; lastKnownFileType = text.plist.xml; path = Info.plist; sourceTree = "<group>"; };
		607FACD51AFB9204008FA782 /* AppDelegate.swift */ = {isa = PBXFileReference; lastKnownFileType = sourcecode.swift; path = AppDelegate.swift; sourceTree = "<group>"; };
		607FACDA1AFB9204008FA782 /* Base */ = {isa = PBXFileReference; lastKnownFileType = file.storyboard; name = Base; path = Base.lproj/Main.storyboard; sourceTree = "<group>"; };
		607FACDC1AFB9204008FA782 /* Images.xcassets */ = {isa = PBXFileReference; lastKnownFileType = folder.assetcatalog; path = Images.xcassets; sourceTree = "<group>"; };
		607FACDF1AFB9204008FA782 /* Base */ = {isa = PBXFileReference; lastKnownFileType = file.xib; name = Base; path = Base.lproj/LaunchScreen.xib; sourceTree = "<group>"; };
		AB1142B580B5DD8D92B9D98D /* Pods_Pellicola_Example.framework */ = {isa = PBXFileReference; explicitFileType = wrapper.framework; includeInIndex = 0; path = Pods_Pellicola_Example.framework; sourceTree = BUILT_PRODUCTS_DIR; };
		B78BDB3492906F17059F2DA8 /* Pods-Pellicola_Example.debug.xcconfig */ = {isa = PBXFileReference; includeInIndex = 1; lastKnownFileType = text.xcconfig; name = "Pods-Pellicola_Example.debug.xcconfig"; path = "Pods/Target Support Files/Pods-Pellicola_Example/Pods-Pellicola_Example.debug.xcconfig"; sourceTree = "<group>"; };
		C8E21D946E22340AC654079A /* Pods-Pellicola_Example.release.xcconfig */ = {isa = PBXFileReference; includeInIndex = 1; lastKnownFileType = text.xcconfig; name = "Pods-Pellicola_Example.release.xcconfig"; path = "Pods/Target Support Files/Pods-Pellicola_Example/Pods-Pellicola_Example.release.xcconfig"; sourceTree = "<group>"; };
		CE11DD0E201A2AE100A29992 /* ImageCell.h */ = {isa = PBXFileReference; lastKnownFileType = sourcecode.c.h; path = ImageCell.h; sourceTree = "<group>"; };
		CE11DD0F201A2AE100A29992 /* ImageCell.m */ = {isa = PBXFileReference; lastKnownFileType = sourcecode.c.objc; path = ImageCell.m; sourceTree = "<group>"; };
		CE33BCC320120BE2002EC65E /* Pellicola_Tests.xctest */ = {isa = PBXFileReference; explicitFileType = wrapper.cfbundle; includeInIndex = 0; path = Pellicola_Tests.xctest; sourceTree = BUILT_PRODUCTS_DIR; };
		CE33BCC520120BE2002EC65E /* DataStorageTests.swift */ = {isa = PBXFileReference; lastKnownFileType = sourcecode.swift; path = DataStorageTests.swift; sourceTree = "<group>"; };
		CE33BCC720120BE2002EC65E /* Info.plist */ = {isa = PBXFileReference; lastKnownFileType = text.plist.xml; path = Info.plist; sourceTree = "<group>"; };
		CE33BCCD20120D3B002EC65E /* OrderedImageTests.swift */ = {isa = PBXFileReference; lastKnownFileType = sourcecode.swift; path = OrderedImageTests.swift; sourceTree = "<group>"; };
		CE33BCCF20120D72002EC65E /* UIImage+Color.swift */ = {isa = PBXFileReference; lastKnownFileType = sourcecode.swift; path = "UIImage+Color.swift"; sourceTree = "<group>"; };
		CE33BCD520121080002EC65E /* AssetCollectionsViewModelTests.swift */ = {isa = PBXFileReference; lastKnownFileType = sourcecode.swift; path = AssetCollectionsViewModelTests.swift; sourceTree = "<group>"; };
		CEDAA8D120236009004A5940 /* PhotoStarStyle.h */ = {isa = PBXFileReference; lastKnownFileType = sourcecode.c.h; path = PhotoStarStyle.h; sourceTree = "<group>"; };
		CEDAA8D22023601D004A5940 /* PhotoStarStyle.m */ = {isa = PBXFileReference; lastKnownFileType = sourcecode.c.objc; path = PhotoStarStyle.m; sourceTree = "<group>"; };
		CEDAA8D420236418004A5940 /* ShonenPunk-Regular.ttf */ = {isa = PBXFileReference; lastKnownFileType = file; path = "ShonenPunk-Regular.ttf"; sourceTree = "<group>"; };
		CEDAA8D620236426004A5940 /* ShonenPunk-Bold.ttf */ = {isa = PBXFileReference; lastKnownFileType = file; path = "ShonenPunk-Bold.ttf"; sourceTree = "<group>"; };
		D3E7B03941E6289E07651821 /* LICENSE */ = {isa = PBXFileReference; includeInIndex = 1; lastKnownFileType = text; name = LICENSE; path = ../LICENSE; sourceTree = "<group>"; };
		DFA48CD47B44D11DD0256FF6 /* Pods_Pellicola_Tests.framework */ = {isa = PBXFileReference; explicitFileType = wrapper.framework; includeInIndex = 0; path = Pods_Pellicola_Tests.framework; sourceTree = BUILT_PRODUCTS_DIR; };
/* End PBXFileReference section */

/* Begin PBXFrameworksBuildPhase section */
		607FACCD1AFB9204008FA782 /* Frameworks */ = {
			isa = PBXFrameworksBuildPhase;
			buildActionMask = 2147483647;
			files = (
				6565377C28E24A5E590FBC54 /* Pods_Pellicola_Example.framework in Frameworks */,
			);
			runOnlyForDeploymentPostprocessing = 0;
		};
		CE33BCC020120BE2002EC65E /* Frameworks */ = {
			isa = PBXFrameworksBuildPhase;
			buildActionMask = 2147483647;
			files = (
				9C0F7B6C00AFFF74D2D2A3F1 /* Pods_Pellicola_Tests.framework in Frameworks */,
			);
			runOnlyForDeploymentPostprocessing = 0;
		};
/* End PBXFrameworksBuildPhase section */

/* Begin PBXGroup section */
		0F7B2A1A2054D7D17146A939 /* Frameworks */ = {
			isa = PBXGroup;
			children = (
				AB1142B580B5DD8D92B9D98D /* Pods_Pellicola_Example.framework */,
				DFA48CD47B44D11DD0256FF6 /* Pods_Pellicola_Tests.framework */,
			);
			name = Frameworks;
			sourceTree = "<group>";
		};
		607FACC71AFB9204008FA782 = {
			isa = PBXGroup;
			children = (
				607FACF51AFB993E008FA782 /* Podspec Metadata */,
				607FACD21AFB9204008FA782 /* Example for Pellicola */,
				CE33BCC420120BE2002EC65E /* Pellicola_Tests */,
				607FACD11AFB9204008FA782 /* Products */,
				70F72F40AF89A91331CAB193 /* Pods */,
				0F7B2A1A2054D7D17146A939 /* Frameworks */,
			);
			sourceTree = "<group>";
		};
		607FACD11AFB9204008FA782 /* Products */ = {
			isa = PBXGroup;
			children = (
				607FACD01AFB9204008FA782 /* Pellicola_Example.app */,
				CE33BCC320120BE2002EC65E /* Pellicola_Tests.xctest */,
			);
			name = Products;
			sourceTree = "<group>";
		};
		607FACD21AFB9204008FA782 /* Example for Pellicola */ = {
			isa = PBXGroup;
			children = (
				257D58231FB9F05C0046A33B /* PhotoStarViewController.h */,
				257D58241FB9F05C0046A33B /* PhotoStarViewController.m */,
				607FACD51AFB9204008FA782 /* AppDelegate.swift */,
				607FACD91AFB9204008FA782 /* Main.storyboard */,
				607FACDC1AFB9204008FA782 /* Images.xcassets */,
				607FACDE1AFB9204008FA782 /* LaunchScreen.xib */,
				607FACD31AFB9204008FA782 /* Supporting Files */,
				257D58221FB9F05C0046A33B /* Pellicola_Example-Bridging-Header.h */,
				CE11DD0E201A2AE100A29992 /* ImageCell.h */,
				CE11DD0F201A2AE100A29992 /* ImageCell.m */,
				CEDAA8D120236009004A5940 /* PhotoStarStyle.h */,
				CEDAA8D22023601D004A5940 /* PhotoStarStyle.m */,
				CEDAA8D420236418004A5940 /* ShonenPunk-Regular.ttf */,
				CEDAA8D620236426004A5940 /* ShonenPunk-Bold.ttf */,
			);
			name = "Example for Pellicola";
			path = Pellicola;
			sourceTree = "<group>";
		};
		607FACD31AFB9204008FA782 /* Supporting Files */ = {
			isa = PBXGroup;
			children = (
				607FACD41AFB9204008FA782 /* Info.plist */,
			);
			name = "Supporting Files";
			sourceTree = "<group>";
		};
		607FACF51AFB993E008FA782 /* Podspec Metadata */ = {
			isa = PBXGroup;
			children = (
				2DD402A6077C72640241B367 /* Pellicola.podspec */,
				334F17206746259F6BED01E7 /* README.md */,
				D3E7B03941E6289E07651821 /* LICENSE */,
			);
			name = "Podspec Metadata";
			sourceTree = "<group>";
		};
		70F72F40AF89A91331CAB193 /* Pods */ = {
			isa = PBXGroup;
			children = (
				B78BDB3492906F17059F2DA8 /* Pods-Pellicola_Example.debug.xcconfig */,
				C8E21D946E22340AC654079A /* Pods-Pellicola_Example.release.xcconfig */,
				1CB7C215286B95224939B4E8 /* Pods-Pellicola_Tests.debug.xcconfig */,
				5167D7D47B06A769550A0655 /* Pods-Pellicola_Tests.release.xcconfig */,
			);
			name = Pods;
			sourceTree = "<group>";
		};
		CE33BCC420120BE2002EC65E /* Pellicola_Tests */ = {
			isa = PBXGroup;
			children = (
				CE33BCC520120BE2002EC65E /* DataStorageTests.swift */,
				CE33BCC720120BE2002EC65E /* Info.plist */,
				CE33BCCD20120D3B002EC65E /* OrderedImageTests.swift */,
				CE33BCCF20120D72002EC65E /* UIImage+Color.swift */,
				CE33BCD520121080002EC65E /* AssetCollectionsViewModelTests.swift */,
			);
			path = Pellicola_Tests;
			sourceTree = "<group>";
		};
/* End PBXGroup section */

/* Begin PBXNativeTarget section */
		607FACCF1AFB9204008FA782 /* Pellicola_Example */ = {
			isa = PBXNativeTarget;
			buildConfigurationList = 607FACEF1AFB9204008FA782 /* Build configuration list for PBXNativeTarget "Pellicola_Example" */;
			buildPhases = (
				A99853C12635E3320A5140B9 /* [CP] Check Pods Manifest.lock */,
				607FACCC1AFB9204008FA782 /* Sources */,
				607FACCD1AFB9204008FA782 /* Frameworks */,
				607FACCE1AFB9204008FA782 /* Resources */,
				0A9D0AEC2450648099BA2975 /* [CP] Copy Pods Resources */,
			);
			buildRules = (
			);
			dependencies = (
			);
			name = Pellicola_Example;
			productName = Pellicola;
			productReference = 607FACD01AFB9204008FA782 /* Pellicola_Example.app */;
			productType = "com.apple.product-type.application";
		};
		CE33BCC220120BE2002EC65E /* Pellicola_Tests */ = {
			isa = PBXNativeTarget;
			buildConfigurationList = CE33BCCA20120BE2002EC65E /* Build configuration list for PBXNativeTarget "Pellicola_Tests" */;
			buildPhases = (
				F5DB28BD6FD666F23CB7AD94 /* [CP] Check Pods Manifest.lock */,
				CE33BCBF20120BE2002EC65E /* Sources */,
				CE33BCC020120BE2002EC65E /* Frameworks */,
				CE33BCC120120BE2002EC65E /* Resources */,
			);
			buildRules = (
			);
			dependencies = (
				CE33BCC920120BE2002EC65E /* PBXTargetDependency */,
			);
			name = Pellicola_Tests;
			productName = Pellicola_Tests;
			productReference = CE33BCC320120BE2002EC65E /* Pellicola_Tests.xctest */;
			productType = "com.apple.product-type.bundle.unit-test";
		};
/* End PBXNativeTarget section */

/* Begin PBXProject section */
		607FACC81AFB9204008FA782 /* Project object */ = {
			isa = PBXProject;
			attributes = {
				LastSwiftUpdateCheck = 0920;
				LastUpgradeCheck = 0830;
				ORGANIZATIONNAME = CocoaPods;
				TargetAttributes = {
					607FACCF1AFB9204008FA782 = {
						CreatedOnToolsVersion = 6.3.1;
						LastSwiftMigration = 0910;
					};
					CE33BCC220120BE2002EC65E = {
						CreatedOnToolsVersion = 9.2;
						ProvisioningStyle = Automatic;
						TestTargetID = 607FACCF1AFB9204008FA782;
					};
				};
			};
			buildConfigurationList = 607FACCB1AFB9204008FA782 /* Build configuration list for PBXProject "Pellicola" */;
			compatibilityVersion = "Xcode 3.2";
			developmentRegion = English;
			hasScannedForEncodings = 0;
			knownRegions = (
				en,
				Base,
			);
			mainGroup = 607FACC71AFB9204008FA782;
			productRefGroup = 607FACD11AFB9204008FA782 /* Products */;
			projectDirPath = "";
			projectRoot = "";
			targets = (
				607FACCF1AFB9204008FA782 /* Pellicola_Example */,
				CE33BCC220120BE2002EC65E /* Pellicola_Tests */,
			);
		};
/* End PBXProject section */

/* Begin PBXResourcesBuildPhase section */
		607FACCE1AFB9204008FA782 /* Resources */ = {
			isa = PBXResourcesBuildPhase;
			buildActionMask = 2147483647;
			files = (
				607FACDB1AFB9204008FA782 /* Main.storyboard in Resources */,
				CEDAA8D720236426004A5940 /* ShonenPunk-Bold.ttf in Resources */,
				607FACE01AFB9204008FA782 /* LaunchScreen.xib in Resources */,
				CEDAA8D520236418004A5940 /* ShonenPunk-Regular.ttf in Resources */,
				607FACDD1AFB9204008FA782 /* Images.xcassets in Resources */,
			);
			runOnlyForDeploymentPostprocessing = 0;
		};
		CE33BCC120120BE2002EC65E /* Resources */ = {
			isa = PBXResourcesBuildPhase;
			buildActionMask = 2147483647;
			files = (
			);
			runOnlyForDeploymentPostprocessing = 0;
		};
/* End PBXResourcesBuildPhase section */

/* Begin PBXShellScriptBuildPhase section */
		0A9D0AEC2450648099BA2975 /* [CP] Copy Pods Resources */ = {
			isa = PBXShellScriptBuildPhase;
			buildActionMask = 2147483647;
			files = (
			);
			inputPaths = (
				"${SRCROOT}/Pods/Target Support Files/Pods-Pellicola_Example/Pods-Pellicola_Example-resources.sh",
				"${PODS_ROOT}/../../Pellicola/Classes/ViewControllers/AssetCollectionsViewController.xib",
				"${PODS_ROOT}/../../Pellicola/Classes/ViewControllers/AssetsViewController.xib",
				"${PODS_ROOT}/../../Pellicola/Classes/ViewControllers/DetailAssetViewController.xib",
				"${PODS_ROOT}/../../Pellicola/Classes/Views/AssetCollectionCell.xib",
				"${PODS_CONFIGURATION_BUILD_DIR}/Pellicola/Pellicola.bundle",
			);
			name = "[CP] Copy Pods Resources";
			outputPaths = (
				"${TARGET_BUILD_DIR}/${UNLOCALIZED_RESOURCES_FOLDER_PATH}/AssetCollectionsViewController.nib",
				"${TARGET_BUILD_DIR}/${UNLOCALIZED_RESOURCES_FOLDER_PATH}/AssetsViewController.nib",
				"${TARGET_BUILD_DIR}/${UNLOCALIZED_RESOURCES_FOLDER_PATH}/DetailAssetViewController.nib",
				"${TARGET_BUILD_DIR}/${UNLOCALIZED_RESOURCES_FOLDER_PATH}/AssetCollectionCell.nib",
				"${TARGET_BUILD_DIR}/${UNLOCALIZED_RESOURCES_FOLDER_PATH}/Pellicola.bundle",
			);
			runOnlyForDeploymentPostprocessing = 0;
			shellPath = /bin/sh;
			shellScript = "\"${SRCROOT}/Pods/Target Support Files/Pods-Pellicola_Example/Pods-Pellicola_Example-resources.sh\"\n";
			showEnvVarsInLog = 0;
		};
		A99853C12635E3320A5140B9 /* [CP] Check Pods Manifest.lock */ = {
			isa = PBXShellScriptBuildPhase;
			buildActionMask = 2147483647;
			files = (
			);
			inputPaths = (
				"${PODS_PODFILE_DIR_PATH}/Podfile.lock",
				"${PODS_ROOT}/Manifest.lock",
			);
			name = "[CP] Check Pods Manifest.lock";
			outputPaths = (
				"$(DERIVED_FILE_DIR)/Pods-Pellicola_Example-checkManifestLockResult.txt",
			);
			runOnlyForDeploymentPostprocessing = 0;
			shellPath = /bin/sh;
			shellScript = "diff \"${PODS_PODFILE_DIR_PATH}/Podfile.lock\" \"${PODS_ROOT}/Manifest.lock\" > /dev/null\nif [ $? != 0 ] ; then\n    # print error to STDERR\n    echo \"error: The sandbox is not in sync with the Podfile.lock. Run 'pod install' or update your CocoaPods installation.\" >&2\n    exit 1\nfi\n# This output is used by Xcode 'outputs' to avoid re-running this script phase.\necho \"SUCCESS\" > \"${SCRIPT_OUTPUT_FILE_0}\"\n";
			showEnvVarsInLog = 0;
		};
		F5DB28BD6FD666F23CB7AD94 /* [CP] Check Pods Manifest.lock */ = {
			isa = PBXShellScriptBuildPhase;
			buildActionMask = 2147483647;
			files = (
			);
			inputPaths = (
				"${PODS_PODFILE_DIR_PATH}/Podfile.lock",
				"${PODS_ROOT}/Manifest.lock",
			);
			name = "[CP] Check Pods Manifest.lock";
			outputPaths = (
				"$(DERIVED_FILE_DIR)/Pods-Pellicola_Tests-checkManifestLockResult.txt",
			);
			runOnlyForDeploymentPostprocessing = 0;
			shellPath = /bin/sh;
			shellScript = "diff \"${PODS_PODFILE_DIR_PATH}/Podfile.lock\" \"${PODS_ROOT}/Manifest.lock\" > /dev/null\nif [ $? != 0 ] ; then\n    # print error to STDERR\n    echo \"error: The sandbox is not in sync with the Podfile.lock. Run 'pod install' or update your CocoaPods installation.\" >&2\n    exit 1\nfi\n# This output is used by Xcode 'outputs' to avoid re-running this script phase.\necho \"SUCCESS\" > \"${SCRIPT_OUTPUT_FILE_0}\"\n";
			showEnvVarsInLog = 0;
		};
/* End PBXShellScriptBuildPhase section */

/* Begin PBXSourcesBuildPhase section */
		607FACCC1AFB9204008FA782 /* Sources */ = {
			isa = PBXSourcesBuildPhase;
			buildActionMask = 2147483647;
			files = (
				257D58251FB9F05C0046A33B /* PhotoStarViewController.m in Sources */,
				CEDAA8D32023601D004A5940 /* PhotoStarStyle.m in Sources */,
				CE11DD10201A2AE100A29992 /* ImageCell.m in Sources */,
				607FACD61AFB9204008FA782 /* AppDelegate.swift in Sources */,
			);
			runOnlyForDeploymentPostprocessing = 0;
		};
		CE33BCBF20120BE2002EC65E /* Sources */ = {
			isa = PBXSourcesBuildPhase;
			buildActionMask = 2147483647;
			files = (
				CE33BCC620120BE2002EC65E /* DataStorageTests.swift in Sources */,
				CE33BCCE20120D3B002EC65E /* OrderedImageTests.swift in Sources */,
				CE33BCD020120D72002EC65E /* UIImage+Color.swift in Sources */,
				CE33BCD620121080002EC65E /* AssetCollectionsViewModelTests.swift in Sources */,
			);
			runOnlyForDeploymentPostprocessing = 0;
		};
/* End PBXSourcesBuildPhase section */

/* Begin PBXTargetDependency section */
		CE33BCC920120BE2002EC65E /* PBXTargetDependency */ = {
			isa = PBXTargetDependency;
			target = 607FACCF1AFB9204008FA782 /* Pellicola_Example */;
			targetProxy = CE33BCC820120BE2002EC65E /* PBXContainerItemProxy */;
		};
/* End PBXTargetDependency section */

/* Begin PBXVariantGroup section */
		607FACD91AFB9204008FA782 /* Main.storyboard */ = {
			isa = PBXVariantGroup;
			children = (
				607FACDA1AFB9204008FA782 /* Base */,
			);
			name = Main.storyboard;
			sourceTree = "<group>";
		};
		607FACDE1AFB9204008FA782 /* LaunchScreen.xib */ = {
			isa = PBXVariantGroup;
			children = (
				607FACDF1AFB9204008FA782 /* Base */,
			);
			name = LaunchScreen.xib;
			sourceTree = "<group>";
		};
/* End PBXVariantGroup section */

/* Begin XCBuildConfiguration section */
		607FACED1AFB9204008FA782 /* Debug */ = {
			isa = XCBuildConfiguration;
			buildSettings = {
				ALWAYS_SEARCH_USER_PATHS = NO;
				CLANG_CXX_LANGUAGE_STANDARD = "gnu++0x";
				CLANG_CXX_LIBRARY = "libc++";
				CLANG_ENABLE_MODULES = YES;
				CLANG_ENABLE_OBJC_ARC = YES;
				CLANG_WARN_BLOCK_CAPTURE_AUTORELEASING = YES;
				CLANG_WARN_BOOL_CONVERSION = YES;
				CLANG_WARN_COMMA = YES;
				CLANG_WARN_CONSTANT_CONVERSION = YES;
				CLANG_WARN_DIRECT_OBJC_ISA_USAGE = YES_ERROR;
				CLANG_WARN_EMPTY_BODY = YES;
				CLANG_WARN_ENUM_CONVERSION = YES;
				CLANG_WARN_INFINITE_RECURSION = YES;
				CLANG_WARN_INT_CONVERSION = YES;
				CLANG_WARN_NON_LITERAL_NULL_CONVERSION = YES;
				CLANG_WARN_OBJC_LITERAL_CONVERSION = YES;
				CLANG_WARN_OBJC_ROOT_CLASS = YES_ERROR;
				CLANG_WARN_RANGE_LOOP_ANALYSIS = YES;
				CLANG_WARN_STRICT_PROTOTYPES = YES;
				CLANG_WARN_SUSPICIOUS_MOVE = YES;
				CLANG_WARN_UNREACHABLE_CODE = YES;
				CLANG_WARN__DUPLICATE_METHOD_MATCH = YES;
				"CODE_SIGN_IDENTITY[sdk=iphoneos*]" = "iPhone Developer";
				COPY_PHASE_STRIP = NO;
				DEBUG_INFORMATION_FORMAT = "dwarf-with-dsym";
				DEVELOPMENT_TEAM = HUC4RY3F6U;
				ENABLE_STRICT_OBJC_MSGSEND = YES;
				ENABLE_TESTABILITY = YES;
				GCC_C_LANGUAGE_STANDARD = gnu99;
				GCC_DYNAMIC_NO_PIC = NO;
				GCC_NO_COMMON_BLOCKS = YES;
				GCC_OPTIMIZATION_LEVEL = 0;
				GCC_PREPROCESSOR_DEFINITIONS = (
					"DEBUG=1",
					"$(inherited)",
				);
				GCC_SYMBOLS_PRIVATE_EXTERN = NO;
				GCC_WARN_64_TO_32_BIT_CONVERSION = YES;
				GCC_WARN_ABOUT_RETURN_TYPE = YES_ERROR;
				GCC_WARN_UNDECLARED_SELECTOR = YES;
				GCC_WARN_UNINITIALIZED_AUTOS = YES_AGGRESSIVE;
				GCC_WARN_UNUSED_FUNCTION = YES;
				GCC_WARN_UNUSED_VARIABLE = YES;
				IPHONEOS_DEPLOYMENT_TARGET = 9.0;
				MTL_ENABLE_DEBUG_INFO = YES;
				ONLY_ACTIVE_ARCH = YES;
				SDKROOT = iphoneos;
				SWIFT_OPTIMIZATION_LEVEL = "-Onone";
			};
			name = Debug;
		};
		607FACEE1AFB9204008FA782 /* Release */ = {
			isa = XCBuildConfiguration;
			buildSettings = {
				ALWAYS_SEARCH_USER_PATHS = NO;
				CLANG_CXX_LANGUAGE_STANDARD = "gnu++0x";
				CLANG_CXX_LIBRARY = "libc++";
				CLANG_ENABLE_MODULES = YES;
				CLANG_ENABLE_OBJC_ARC = YES;
				CLANG_WARN_BLOCK_CAPTURE_AUTORELEASING = YES;
				CLANG_WARN_BOOL_CONVERSION = YES;
				CLANG_WARN_COMMA = YES;
				CLANG_WARN_CONSTANT_CONVERSION = YES;
				CLANG_WARN_DIRECT_OBJC_ISA_USAGE = YES_ERROR;
				CLANG_WARN_EMPTY_BODY = YES;
				CLANG_WARN_ENUM_CONVERSION = YES;
				CLANG_WARN_INFINITE_RECURSION = YES;
				CLANG_WARN_INT_CONVERSION = YES;
				CLANG_WARN_NON_LITERAL_NULL_CONVERSION = YES;
				CLANG_WARN_OBJC_LITERAL_CONVERSION = YES;
				CLANG_WARN_OBJC_ROOT_CLASS = YES_ERROR;
				CLANG_WARN_RANGE_LOOP_ANALYSIS = YES;
				CLANG_WARN_STRICT_PROTOTYPES = YES;
				CLANG_WARN_SUSPICIOUS_MOVE = YES;
				CLANG_WARN_UNREACHABLE_CODE = YES;
				CLANG_WARN__DUPLICATE_METHOD_MATCH = YES;
				"CODE_SIGN_IDENTITY[sdk=iphoneos*]" = "iPhone Developer";
				COPY_PHASE_STRIP = NO;
				DEBUG_INFORMATION_FORMAT = "dwarf-with-dsym";
				DEVELOPMENT_TEAM = HUC4RY3F6U;
				ENABLE_NS_ASSERTIONS = NO;
				ENABLE_STRICT_OBJC_MSGSEND = YES;
				GCC_C_LANGUAGE_STANDARD = gnu99;
				GCC_NO_COMMON_BLOCKS = YES;
				GCC_WARN_64_TO_32_BIT_CONVERSION = YES;
				GCC_WARN_ABOUT_RETURN_TYPE = YES_ERROR;
				GCC_WARN_UNDECLARED_SELECTOR = YES;
				GCC_WARN_UNINITIALIZED_AUTOS = YES_AGGRESSIVE;
				GCC_WARN_UNUSED_FUNCTION = YES;
				GCC_WARN_UNUSED_VARIABLE = YES;
				IPHONEOS_DEPLOYMENT_TARGET = 9.0;
				MTL_ENABLE_DEBUG_INFO = NO;
				SDKROOT = iphoneos;
				SWIFT_OPTIMIZATION_LEVEL = "-Owholemodule";
				VALIDATE_PRODUCT = YES;
			};
			name = Release;
		};
		607FACF01AFB9204008FA782 /* Debug */ = {
			isa = XCBuildConfiguration;
			baseConfigurationReference = B78BDB3492906F17059F2DA8 /* Pods-Pellicola_Example.debug.xcconfig */;
			buildSettings = {
				ASSETCATALOG_COMPILER_APPICON_NAME = AppIcon;
				CLANG_ENABLE_MODULES = YES;
				DEVELOPMENT_TEAM = "";
				GCC_TREAT_WARNINGS_AS_ERRORS = YES;
				INFOPLIST_FILE = Pellicola/Info.plist;
				LD_RUNPATH_SEARCH_PATHS = "$(inherited) @executable_path/Frameworks";
				MODULE_NAME = ExampleApp;
				PRODUCT_BUNDLE_IDENTIFIER = "org.cocoapods.demo.$(PRODUCT_NAME:rfc1034identifier)";
				PRODUCT_NAME = "$(TARGET_NAME)";
				SWIFT_OBJC_BRIDGING_HEADER = "Pellicola/Pellicola_Example-Bridging-Header.h";
				SWIFT_OPTIMIZATION_LEVEL = "-Onone";
				SWIFT_SWIFT3_OBJC_INFERENCE = Default;
				SWIFT_TREAT_WARNINGS_AS_ERRORS = YES;
				SWIFT_VERSION = 4.0;
				TARGETED_DEVICE_FAMILY = "1,2";
			};
			name = Debug;
		};
		607FACF11AFB9204008FA782 /* Release */ = {
			isa = XCBuildConfiguration;
			baseConfigurationReference = C8E21D946E22340AC654079A /* Pods-Pellicola_Example.release.xcconfig */;
			buildSettings = {
				ASSETCATALOG_COMPILER_APPICON_NAME = AppIcon;
				CLANG_ENABLE_MODULES = YES;
				DEVELOPMENT_TEAM = "";
				GCC_TREAT_WARNINGS_AS_ERRORS = YES;
				INFOPLIST_FILE = Pellicola/Info.plist;
				LD_RUNPATH_SEARCH_PATHS = "$(inherited) @executable_path/Frameworks";
				MODULE_NAME = ExampleApp;
				PRODUCT_BUNDLE_IDENTIFIER = "org.cocoapods.demo.$(PRODUCT_NAME:rfc1034identifier)";
				PRODUCT_NAME = "$(TARGET_NAME)";
				SWIFT_OBJC_BRIDGING_HEADER = "Pellicola/Pellicola_Example-Bridging-Header.h";
				SWIFT_SWIFT3_OBJC_INFERENCE = Default;
				SWIFT_TREAT_WARNINGS_AS_ERRORS = YES;
				SWIFT_VERSION = 4.0;
				TARGETED_DEVICE_FAMILY = "1,2";
			};
			name = Release;
		};
		CE33BCCB20120BE2002EC65E /* Debug */ = {
			isa = XCBuildConfiguration;
			baseConfigurationReference = 1CB7C215286B95224939B4E8 /* Pods-Pellicola_Tests.debug.xcconfig */;
			buildSettings = {
				BUNDLE_LOADER = "$(TEST_HOST)";
				CLANG_ANALYZER_NONNULL = YES;
				CLANG_ANALYZER_NUMBER_OBJECT_CONVERSION = YES_AGGRESSIVE;
				CLANG_CXX_LANGUAGE_STANDARD = "gnu++14";
				CLANG_WARN_DOCUMENTATION_COMMENTS = YES;
				CLANG_WARN_UNGUARDED_AVAILABILITY = YES_AGGRESSIVE;
				CODE_SIGN_IDENTITY = "iPhone Developer";
				CODE_SIGN_STYLE = Automatic;
				DEBUG_INFORMATION_FORMAT = dwarf;
				DEVELOPMENT_TEAM = "";
				GCC_C_LANGUAGE_STANDARD = gnu11;
				INFOPLIST_FILE = Pellicola_Tests/Info.plist;
				IPHONEOS_DEPLOYMENT_TARGET = 11.2;
				LD_RUNPATH_SEARCH_PATHS = "$(inherited) @executable_path/Frameworks @loader_path/Frameworks";
				PRODUCT_BUNDLE_IDENTIFIER = "org.cocoapods.demo.Pellicola-Example.Pellicola-Tests";
				PRODUCT_NAME = "$(TARGET_NAME)";
				SWIFT_ACTIVE_COMPILATION_CONDITIONS = DEBUG;
				SWIFT_VERSION = 4.0;
				TARGETED_DEVICE_FAMILY = "1,2";
				TEST_HOST = "$(BUILT_PRODUCTS_DIR)/Pellicola_Example.app/Pellicola_Example";
			};
			name = Debug;
		};
		CE33BCCC20120BE2002EC65E /* Release */ = {
			isa = XCBuildConfiguration;
			baseConfigurationReference = 5167D7D47B06A769550A0655 /* Pods-Pellicola_Tests.release.xcconfig */;
			buildSettings = {
				BUNDLE_LOADER = "$(TEST_HOST)";
				CLANG_ANALYZER_NONNULL = YES;
				CLANG_ANALYZER_NUMBER_OBJECT_CONVERSION = YES_AGGRESSIVE;
				CLANG_CXX_LANGUAGE_STANDARD = "gnu++14";
				CLANG_WARN_DOCUMENTATION_COMMENTS = YES;
				CLANG_WARN_UNGUARDED_AVAILABILITY = YES_AGGRESSIVE;
				CODE_SIGN_IDENTITY = "iPhone Developer";
				CODE_SIGN_STYLE = Automatic;
				DEVELOPMENT_TEAM = "";
				GCC_C_LANGUAGE_STANDARD = gnu11;
				INFOPLIST_FILE = Pellicola_Tests/Info.plist;
				IPHONEOS_DEPLOYMENT_TARGET = 11.2;
				LD_RUNPATH_SEARCH_PATHS = "$(inherited) @executable_path/Frameworks @loader_path/Frameworks";
				PRODUCT_BUNDLE_IDENTIFIER = "org.cocoapods.demo.Pellicola-Example.Pellicola-Tests";
				PRODUCT_NAME = "$(TARGET_NAME)";
				SWIFT_VERSION = 4.0;
				TARGETED_DEVICE_FAMILY = "1,2";
				TEST_HOST = "$(BUILT_PRODUCTS_DIR)/Pellicola_Example.app/Pellicola_Example";
			};
			name = Release;
		};
/* End XCBuildConfiguration section */

/* Begin XCConfigurationList section */
		607FACCB1AFB9204008FA782 /* Build configuration list for PBXProject "Pellicola" */ = {
			isa = XCConfigurationList;
			buildConfigurations = (
				607FACED1AFB9204008FA782 /* Debug */,
				607FACEE1AFB9204008FA782 /* Release */,
			);
			defaultConfigurationIsVisible = 0;
			defaultConfigurationName = Release;
		};
		607FACEF1AFB9204008FA782 /* Build configuration list for PBXNativeTarget "Pellicola_Example" */ = {
			isa = XCConfigurationList;
			buildConfigurations = (
				607FACF01AFB9204008FA782 /* Debug */,
				607FACF11AFB9204008FA782 /* Release */,
			);
			defaultConfigurationIsVisible = 0;
			defaultConfigurationName = Release;
		};
		CE33BCCA20120BE2002EC65E /* Build configuration list for PBXNativeTarget "Pellicola_Tests" */ = {
			isa = XCConfigurationList;
			buildConfigurations = (
				CE33BCCB20120BE2002EC65E /* Debug */,
				CE33BCCC20120BE2002EC65E /* Release */,
			);
			defaultConfigurationIsVisible = 0;
			defaultConfigurationName = Release;
		};
/* End XCConfigurationList section */
	};
	rootObject = 607FACC81AFB9204008FA782 /* Project object */;
}
